<?xml version="1.0" encoding="utf-8"?>
<Project ToolsVersion="4.0" xmlns="http://schemas.microsoft.com/developer/msbuild/2003">
  <ItemGroup>
    <Filter Include="Source Files">
      <UniqueIdentifier>{4FC737F1-C7A5-4376-A066-2A32D752A2FF}</UniqueIdentifier>
      <Extensions>cpp;c;cc;cxx;def;odl;idl;hpj;bat;asm;asmx</Extensions>
    </Filter>
    <Filter Include="Header Files">
      <UniqueIdentifier>{93995380-89BD-4b04-88EB-625FBE52EBFB}</UniqueIdentifier>
      <Extensions>h;hh;hpp;hxx;hm;inl;inc;ipp;xsd</Extensions>
    </Filter>
    <Filter Include="Resource Files">
      <UniqueIdentifier>{67DA6AB6-F800-4c08-8B7A-83BB121AAD01}</UniqueIdentifier>
      <Extensions>rc;ico;cur;bmp;dlg;rc2;rct;bin;rgs;gif;jpg;jpeg;jpe;resx;tiff;tif;png;wav;mfcribbon-ms</Extensions>
    </Filter>
    <Filter Include="Source Files\Scene">
      <UniqueIdentifier>{e935a47e-fbf9-4ce1-9b2b-4f490f65705d}</UniqueIdentifier>
    </Filter>
    <Filter Include="Source Files\Utility">
      <UniqueIdentifier>{a8e30f95-23b5-4f1c-b07f-15dfab662989}</UniqueIdentifier>
    </Filter>
    <Filter Include="Source Files\Framework">
      <UniqueIdentifier>{70224bec-fcad-4327-8e79-fe013a1fae91}</UniqueIdentifier>
    </Filter>
    <Filter Include="Source Files\Object">
      <UniqueIdentifier>{e9386874-6de8-4f26-a57a-11562573e48c}</UniqueIdentifier>
    </Filter>
    <Filter Include="Source Files\Object\Enemy">
      <UniqueIdentifier>{b48c7994-ac98-49f5-aa32-94e00ceb3ac9}</UniqueIdentifier>
    </Filter>
    <Filter Include="Source Files\Object\PlayerAndWeapon">
      <UniqueIdentifier>{b7a250e7-9a88-4ef1-893c-e07e8b229efc}</UniqueIdentifier>
    </Filter>
    <Filter Include="Source Files\Object\PlayerAndWeapon\Weapon">
      <UniqueIdentifier>{55056a26-1f89-4c83-921c-d03d0358143c}</UniqueIdentifier>
    </Filter>
    <Filter Include="Source Files\Object\PlayerAndWeapon\SubWeapon">
      <UniqueIdentifier>{edf34f8a-f6c1-4a42-82c0-9a79af128dec}</UniqueIdentifier>
    </Filter>
    <Filter Include="Source Files\Effect">
      <UniqueIdentifier>{dcbc8c3c-1f01-4277-bb9f-a13d18c119b2}</UniqueIdentifier>
    </Filter>
    <Filter Include="Source Files\Map">
      <UniqueIdentifier>{dec049cb-316c-4a6d-8fca-ecad14691fb9}</UniqueIdentifier>
    </Filter>
    <Filter Include="Source Files\Object\Item">
      <UniqueIdentifier>{5aec96d1-4b32-4830-8979-41a0ccd63d1d}</UniqueIdentifier>
    </Filter>
    <Filter Include="Source Files\Object\Item\Weapon &amp; Subweapon">
      <UniqueIdentifier>{b105a649-04ee-474a-b5e9-cacb9adc6077}</UniqueIdentifier>
    </Filter>
    <Filter Include="Source Files\Object\Item\Heart">
      <UniqueIdentifier>{f0cab1fc-6561-4625-8380-c364eb1e21e4}</UniqueIdentifier>
    </Filter>
    <Filter Include="Source Files\Object\Item\Point">
      <UniqueIdentifier>{77e4e231-8f38-46d1-ab25-bb1b9de40504}</UniqueIdentifier>
    </Filter>
    <Filter Include="Source Files\Object\Item\Other">
      <UniqueIdentifier>{281151fa-7b8a-49e6-9f56-93c049d851f5}</UniqueIdentifier>
    </Filter>
    <Filter Include="Source Files\Hub">
      <UniqueIdentifier>{9e8dc400-5d64-4d12-bc69-a2c329284b83}</UniqueIdentifier>
    </Filter>
    <Filter Include="Source Files\Grid">
      <UniqueIdentifier>{74e3deb8-4e74-4447-8620-f1b21022b6eb}</UniqueIdentifier>
    </Filter>
    <Filter Include="Source Files\Object\PlayerAndWeapon\Player">
      <UniqueIdentifier>{73d32afa-46d4-4316-8a0f-8573d73a2cfc}</UniqueIdentifier>
    </Filter>
    <Filter Include="Source Files\Object\StaticObjects">
      <UniqueIdentifier>{275cc7ad-810f-43cc-a9a8-02f482289eae}</UniqueIdentifier>
    </Filter>
    <Filter Include="Source Files\Object\StaticObjects\HiddenObjects">
      <UniqueIdentifier>{be8497c8-ed58-4b00-8422-666ff77929fc}</UniqueIdentifier>
    </Filter>
    <Filter Include="Source Files\Object\StaticObjects\Objects">
      <UniqueIdentifier>{888239e5-585e-4855-a86e-26328bb68f6b}</UniqueIdentifier>
    </Filter>
    <Filter Include="Source Files\Object\Enemy\Boss">
      <UniqueIdentifier>{70d5153c-0d0a-4439-95b0-a96068563516}</UniqueIdentifier>
    </Filter>
  </ItemGroup>
  <ItemGroup>
    <ClInclude Include="Map.h">
      <Filter>Source Files\Map</Filter>
    </ClInclude>
    <ClInclude Include="ObjectLayer.h">
      <Filter>Source Files\Map</Filter>
    </ClInclude>
    <ClInclude Include="Scene.h">
      <Filter>Source Files\Scene</Filter>
    </ClInclude>
    <ClInclude Include="PlayScene.h">
      <Filter>Source Files\Scene</Filter>
    </ClInclude>
    <ClInclude Include="Sprites.h">
      <Filter>Source Files\Framework</Filter>
    </ClInclude>
    <ClInclude Include="Game.h">
      <Filter>Source Files\Framework</Filter>
    </ClInclude>
    <ClInclude Include="HiddenObject.h">
      <Filter>Source Files\Object\StaticObjects\HiddenObjects</Filter>
    </ClInclude>
    <ClInclude Include="Ground.h">
      <Filter>Source Files\Object\StaticObjects\HiddenObjects</Filter>
    </ClInclude>
    <ClInclude Include="TypeConverter.h">
      <Filter>Source Files\Utility</Filter>
    </ClInclude>
    <ClInclude Include="debug.h">
      <Filter>Source Files\Utility</Filter>
    </ClInclude>
    <ClInclude Include="Textures.h">
      <Filter>Source Files\Framework</Filter>
    </ClInclude>
    <ClInclude Include="define.h">
      <Filter>Source Files\Utility</Filter>
    </ClInclude>
    <ClInclude Include="Whip.h">
      <Filter>Source Files\Object\PlayerAndWeapon\Weapon</Filter>
    </ClInclude>
    <ClInclude Include="SubWeapon.h">
      <Filter>Source Files\Object\PlayerAndWeapon\SubWeapon</Filter>
    </ClInclude>
    <ClInclude Include="GameObject.h">
      <Filter>Source Files\Framework</Filter>
    </ClInclude>
    <ClInclude Include="Effect.h">
      <Filter>Source Files\Effect</Filter>
    </ClInclude>
    <ClInclude Include="flame.h">
      <Filter>Source Files\Effect</Filter>
    </ClInclude>
    <ClInclude Include="Spark.h">
      <Filter>Source Files\Effect</Filter>
    </ClInclude>
    <ClInclude Include="ItemCollection.h">
      <Filter>Source Files\Object\Item</Filter>
    </ClInclude>
    <ClInclude Include="Item.h">
      <Filter>Source Files\Object\Item</Filter>
    </ClInclude>
    <ClInclude Include="EffectCollection.h">
      <Filter>Source Files\Effect</Filter>
    </ClInclude>
    <ClInclude Include="Dagger.h">
      <Filter>Source Files\Object\PlayerAndWeapon\SubWeapon</Filter>
    </ClInclude>
    <ClInclude Include="SubWeaponCollection.h">
      <Filter>Source Files\Object\PlayerAndWeapon\SubWeapon</Filter>
    </ClInclude>
    <ClInclude Include="HiddenItem.h">
      <Filter>Source Files\Object\StaticObjects\HiddenObjects</Filter>
    </ClInclude>
    <ClInclude Include="MoneyTrigger.h">
      <Filter>Source Files\Object\StaticObjects\HiddenObjects</Filter>
    </ClInclude>
    <ClInclude Include="TileLayer.h">
      <Filter>Source Files\Map</Filter>
    </ClInclude>
    <ClInclude Include="Stair.h">
      <Filter>Source Files\Object\StaticObjects\HiddenObjects</Filter>
    </ClInclude>
    <ClInclude Include="Portal.h">
      <Filter>Source Files\Scene</Filter>
    </ClInclude>
    <ClInclude Include="AxeItem.h">
      <Filter>Source Files\Object\Item\Weapon &amp; Subweapon</Filter>
    </ClInclude>
    <ClInclude Include="WhipItem.h">
      <Filter>Source Files\Object\Item\Weapon &amp; Subweapon</Filter>
    </ClInclude>
    <ClInclude Include="HolyWaterItem.h">
      <Filter>Source Files\Object\Item\Weapon &amp; Subweapon</Filter>
    </ClInclude>
    <ClInclude Include="BoomerangItem.h">
      <Filter>Source Files\Object\Item\Weapon &amp; Subweapon</Filter>
    </ClInclude>
    <ClInclude Include="BigHeart.h">
      <Filter>Source Files\Object\Item\Heart</Filter>
    </ClInclude>
    <ClInclude Include="Heart.h">
      <Filter>Source Files\Object\Item\Heart</Filter>
    </ClInclude>
    <ClInclude Include="Crown.h">
      <Filter>Source Files\Object\Item\Point</Filter>
    </ClInclude>
    <ClInclude Include="DaggerItem.h">
      <Filter>Source Files\Object\Item\Weapon &amp; Subweapon</Filter>
    </ClInclude>
    <ClInclude Include="MoneyBag.h">
      <Filter>Source Files\Object\Item\Point</Filter>
    </ClInclude>
    <ClInclude Include="DoubleShot.h">
      <Filter>Source Files\Object\Item\Other</Filter>
    </ClInclude>
    <ClInclude Include="Food.h">
      <Filter>Source Files\Object\Item\Other</Filter>
    </ClInclude>
    <ClInclude Include="BreakWall.h">
      <Filter>Source Files\Object\StaticObjects\Objects</Filter>
    </ClInclude>
    <ClInclude Include="Brick.h">
      <Filter>Source Files\Object\StaticObjects\Objects</Filter>
    </ClInclude>
    <ClInclude Include="Candle.h">
      <Filter>Source Files\Object\StaticObjects\Objects</Filter>
    </ClInclude>
    <ClInclude Include="Torch.h">
      <Filter>Source Files\Object\StaticObjects\Objects</Filter>
    </ClInclude>
    <ClInclude Include="GoldPotion.h">
      <Filter>Source Files\Object\Item\Other</Filter>
    </ClInclude>
    <ClInclude Include="Boomerang.h">
      <Filter>Source Files\Object\PlayerAndWeapon\SubWeapon</Filter>
    </ClInclude>
    <ClInclude Include="Bridge.h">
      <Filter>Source Files\Object\StaticObjects\Objects</Filter>
    </ClInclude>
    <ClInclude Include="HolyWater.h">
      <Filter>Source Files\Object\PlayerAndWeapon\SubWeapon</Filter>
    </ClInclude>
    <ClInclude Include="TripleShot.h">
      <Filter>Source Files\Object\Item\Other</Filter>
    </ClInclude>
    <ClInclude Include="Axe.h">
      <Filter>Source Files\Object\PlayerAndWeapon\SubWeapon</Filter>
    </ClInclude>
    <ClInclude Include="Enemy.h">
      <Filter>Source Files\Object\Enemy</Filter>
    </ClInclude>
    <ClInclude Include="SpearGuard.h">
      <Filter>Source Files\Object\Enemy</Filter>
    </ClInclude>
    <ClInclude Include="Bat.h">
      <Filter>Source Files\Object\Enemy</Filter>
    </ClInclude>
    <ClInclude Include="Ghost.h">
      <Filter>Source Files\Object\Enemy</Filter>
    </ClInclude>
    <ClInclude Include="Monkey.h">
      <Filter>Source Files\Object\Enemy</Filter>
    </ClInclude>
    <ClInclude Include="Skeleton.h">
      <Filter>Source Files\Object\Enemy</Filter>
    </ClInclude>
    <ClInclude Include="SkeletonWeapon.h">
      <Filter>Source Files\Object\Enemy</Filter>
    </ClInclude>
    <ClInclude Include="SkeletonTrigger.h">
      <Filter>Source Files\Object\StaticObjects\HiddenObjects</Filter>
    </ClInclude>
    <ClInclude Include="Raven.h">
      <Filter>Source Files\Object\Enemy</Filter>
    </ClInclude>
    <ClInclude Include="Zombie.h">
      <Filter>Source Files\Object\Enemy</Filter>
    </ClInclude>
    <ClInclude Include="SitTrigger.h">
      <Filter>Source Files\Object\StaticObjects\HiddenObjects</Filter>
    </ClInclude>
    <ClInclude Include="Hub.h">
      <Filter>Source Files\Hub</Filter>
    </ClInclude>
    <ClInclude Include="Animations.h">
      <Filter>Source Files\Framework</Filter>
    </ClInclude>
    <ClInclude Include="Grid.h">
      <Filter>Source Files\Grid</Filter>
    </ClInclude>
    <ClInclude Include="BossTrigger.h">
      <Filter>Source Files\Object\StaticObjects\HiddenObjects</Filter>
    </ClInclude>
    <ClInclude Include="Simon.h">
      <Filter>Source Files\Object\PlayerAndWeapon\Player</Filter>
    </ClInclude>
    <ClInclude Include="SimonProperties.h">
      <Filter>Source Files\Object\PlayerAndWeapon\Player</Filter>
    </ClInclude>
    <ClInclude Include="PhantomBat.h">
      <Filter>Source Files\Object\Enemy\Boss</Filter>
    </ClInclude>
    <ClInclude Include="DeathZone.h">
      <Filter>Source Files\Object\StaticObjects\HiddenObjects</Filter>
    </ClInclude>
  </ItemGroup>
  <ItemGroup>
    <ClCompile Include="main.cpp">
      <Filter>Source Files</Filter>
    </ClCompile>
    <ClCompile Include="Map.cpp">
      <Filter>Source Files\Map</Filter>
    </ClCompile>
    <ClCompile Include="ObjectLayer.cpp">
      <Filter>Source Files\Map</Filter>
    </ClCompile>
    <ClCompile Include="PlayScene.cpp">
      <Filter>Source Files\Scene</Filter>
    </ClCompile>
    <ClCompile Include="debug.cpp">
      <Filter>Source Files\Utility</Filter>
    </ClCompile>
    <ClCompile Include="Game.cpp">
      <Filter>Source Files\Framework</Filter>
    </ClCompile>
    <ClCompile Include="Sprites.cpp">
      <Filter>Source Files\Framework</Filter>
    </ClCompile>
    <ClCompile Include="Textures.cpp">
      <Filter>Source Files\Framework</Filter>
    </ClCompile>
    <ClCompile Include="HiddenObject.cpp">
      <Filter>Source Files\Object\StaticObjects\HiddenObjects</Filter>
    </ClCompile>
    <ClCompile Include="Ground.cpp">
      <Filter>Source Files\Object\StaticObjects\HiddenObjects</Filter>
    </ClCompile>
    <ClCompile Include="Whip.cpp">
      <Filter>Source Files\Object\PlayerAndWeapon\Weapon</Filter>
    </ClCompile>
    <ClCompile Include="SubWeapon.cpp">
      <Filter>Source Files\Object\PlayerAndWeapon\SubWeapon</Filter>
    </ClCompile>
    <ClCompile Include="GameObject.cpp">
      <Filter>Source Files\Framework</Filter>
    </ClCompile>
    <ClCompile Include="Effect.cpp">
      <Filter>Source Files\Effect</Filter>
    </ClCompile>
    <ClCompile Include="flame.cpp">
      <Filter>Source Files\Effect</Filter>
    </ClCompile>
    <ClCompile Include="Spark.cpp">
      <Filter>Source Files\Effect</Filter>
    </ClCompile>
    <ClCompile Include="ItemCollection.cpp">
      <Filter>Source Files\Object\Item</Filter>
    </ClCompile>
    <ClCompile Include="Item.cpp">
      <Filter>Source Files\Object\Item</Filter>
    </ClCompile>
    <ClCompile Include="EffectCollection.cpp">
      <Filter>Source Files\Effect</Filter>
    </ClCompile>
    <ClCompile Include="Dagger.cpp">
      <Filter>Source Files\Object\PlayerAndWeapon\SubWeapon</Filter>
    </ClCompile>
    <ClCompile Include="SubWeaponCollection.cpp">
      <Filter>Source Files\Object\PlayerAndWeapon\SubWeapon</Filter>
    </ClCompile>
    <ClCompile Include="HiddenItem.cpp">
      <Filter>Source Files\Object\StaticObjects\HiddenObjects</Filter>
    </ClCompile>
    <ClCompile Include="MoneyTrigger.cpp">
      <Filter>Source Files\Object\StaticObjects\HiddenObjects</Filter>
    </ClCompile>
    <ClCompile Include="TileLayer.cpp">
      <Filter>Source Files\Map</Filter>
    </ClCompile>
    <ClCompile Include="Stair.cpp">
      <Filter>Source Files\Object\StaticObjects\HiddenObjects</Filter>
    </ClCompile>
    <ClCompile Include="Portal.cpp">
      <Filter>Source Files\Scene</Filter>
    </ClCompile>
    <ClCompile Include="Scene.cpp">
      <Filter>Source Files\Scene</Filter>
    </ClCompile>
    <ClCompile Include="AxeItem.cpp">
      <Filter>Source Files\Object\Item\Weapon &amp; Subweapon</Filter>
    </ClCompile>
    <ClCompile Include="WhipItem.cpp">
      <Filter>Source Files\Object\Item\Weapon &amp; Subweapon</Filter>
    </ClCompile>
    <ClCompile Include="HolyWaterItem.cpp">
      <Filter>Source Files\Object\Item\Weapon &amp; Subweapon</Filter>
    </ClCompile>
    <ClCompile Include="BoomerangItem.cpp">
      <Filter>Source Files\Object\Item\Weapon &amp; Subweapon</Filter>
    </ClCompile>
    <ClCompile Include="BigHeart.cpp">
      <Filter>Source Files\Object\Item\Heart</Filter>
    </ClCompile>
    <ClCompile Include="Heart.cpp">
      <Filter>Source Files\Object\Item\Heart</Filter>
    </ClCompile>
    <ClCompile Include="Crown.cpp">
      <Filter>Source Files\Object\Item\Point</Filter>
    </ClCompile>
    <ClCompile Include="DaggerItem.cpp">
      <Filter>Source Files\Object\Item\Weapon &amp; Subweapon</Filter>
    </ClCompile>
    <ClCompile Include="MoneyBag.cpp">
      <Filter>Source Files\Object\Item\Point</Filter>
    </ClCompile>
    <ClCompile Include="DoubleShot.cpp">
      <Filter>Source Files\Object\Item\Other</Filter>
    </ClCompile>
    <ClCompile Include="Food.cpp">
      <Filter>Source Files\Object\Item\Other</Filter>
    </ClCompile>
    <ClCompile Include="BreakWall.cpp">
      <Filter>Source Files\Object\StaticObjects\Objects</Filter>
    </ClCompile>
    <ClCompile Include="Brick.cpp">
      <Filter>Source Files\Object\StaticObjects\Objects</Filter>
    </ClCompile>
    <ClCompile Include="Candle.cpp">
      <Filter>Source Files\Object\StaticObjects\Objects</Filter>
    </ClCompile>
    <ClCompile Include="Torch.cpp">
      <Filter>Source Files\Object\StaticObjects\Objects</Filter>
    </ClCompile>
    <ClCompile Include="GoldPotion.cpp">
      <Filter>Source Files\Object\Item\Other</Filter>
    </ClCompile>
    <ClCompile Include="Boomerang.cpp">
      <Filter>Source Files\Object\PlayerAndWeapon\SubWeapon</Filter>
    </ClCompile>
    <ClCompile Include="Bridge.cpp">
      <Filter>Source Files\Object\StaticObjects\Objects</Filter>
    </ClCompile>
    <ClCompile Include="HolyWater.cpp">
      <Filter>Source Files\Object\PlayerAndWeapon\SubWeapon</Filter>
    </ClCompile>
    <ClCompile Include="TripleShot.cpp">
      <Filter>Source Files\Object\Item\Other</Filter>
    </ClCompile>
    <ClCompile Include="Axe.cpp">
      <Filter>Source Files\Object\PlayerAndWeapon\SubWeapon</Filter>
    </ClCompile>
    <ClCompile Include="Enemy.cpp">
      <Filter>Source Files\Object\Enemy</Filter>
    </ClCompile>
    <ClCompile Include="SpearGuard.cpp">
      <Filter>Source Files\Object\Enemy</Filter>
    </ClCompile>
    <ClCompile Include="Bat.cpp">
      <Filter>Source Files\Object\Enemy</Filter>
    </ClCompile>
    <ClCompile Include="Ghost.cpp">
      <Filter>Source Files\Object\Enemy</Filter>
    </ClCompile>
    <ClCompile Include="Monkey.cpp">
      <Filter>Source Files\Object\Enemy</Filter>
    </ClCompile>
    <ClCompile Include="Skeleton.cpp">
      <Filter>Source Files\Object\Enemy</Filter>
    </ClCompile>
    <ClCompile Include="SkeletonTrigger.cpp">
      <Filter>Source Files\Object\StaticObjects\HiddenObjects</Filter>
    </ClCompile>
    <ClCompile Include="SkeletonWeapon.cpp">
      <Filter>Source Files\Object\Enemy</Filter>
    </ClCompile>
    <ClCompile Include="Raven.cpp">
      <Filter>Source Files\Object\Enemy</Filter>
    </ClCompile>
    <ClCompile Include="Zombie.cpp">
      <Filter>Source Files\Object\Enemy</Filter>
    </ClCompile>
    <ClCompile Include="SitTrigger.cpp">
      <Filter>Source Files\Object\StaticObjects\HiddenObjects</Filter>
    </ClCompile>
    <ClCompile Include="Hub.cpp">
      <Filter>Source Files\Hub</Filter>
    </ClCompile>
    <ClCompile Include="Animations.cpp">
      <Filter>Source Files\Framework</Filter>
    </ClCompile>
    <ClCompile Include="Grid.cpp">
      <Filter>Source Files\Grid</Filter>
    </ClCompile>
    <ClCompile Include="BossTrigger.cpp">
      <Filter>Source Files\Object\StaticObjects\HiddenObjects</Filter>
    </ClCompile>
    <ClCompile Include="Simon.cpp">
      <Filter>Source Files\Object\PlayerAndWeapon\Player</Filter>
    </ClCompile>
    <ClCompile Include="SimonProperties.cpp">
      <Filter>Source Files\Object\PlayerAndWeapon\Player</Filter>
    </ClCompile>
    <ClCompile Include="PhantomBat.cpp">
      <Filter>Source Files\Object\Enemy\Boss</Filter>
    </ClCompile>
    <ClCompile Include="DeathZone.cpp">
      <Filter>Source Files\Object\StaticObjects\HiddenObjects</Filter>
    </ClCompile>
  </ItemGroup>
  <ItemGroup>
    <None Include="packages.config" />
  </ItemGroup>
  <ItemGroup>
    <Font Include="GameContent\Data\prstart.ttf" />
  </ItemGroup>
</Project>